
Microsoft Visual Studio Solution File, Format Version 12.00
# Visual Studio 15
VisualStudioVersion = 15.0.27703.2035
MinimumVisualStudioVersion = 10.0.40219.1
Project("{FAE04EC0-301F-11D3-BF4B-00C04F79EFBC}") = "Fiap08.Web.MVC", "Fiap08.Web.MVC\Fiap08.Web.MVC.csproj", "{E3636849-3A84-4287-A7E5-4F447A968CF4}"
EndProject
Global
	GlobalSection(SolutionConfigurationPlatforms) = preSolution
		Debug|Any CPU = Debug|Any CPU
		Release|Any CPU = Release|Any CPU
	EndGlobalSection
	GlobalSection(ProjectConfigurationPlatforms) = postSolution
		{E3636849-3A84-4287-A7E5-4F447A968CF4}.Debug|Any CPU.ActiveCfg = Debug|Any CPU
		{E3636849-3A84-4287-A7E5-4F447A968CF4}.Debug|Any CPU.Build.0 = Debug|Any CPU
		{E3636849-3A84-4287-A7E5-4F447A968CF4}.Release|Any CPU.ActiveCfg = Release|Any CPU
		{E3636849-3A84-4287-A7E5-4F447A968CF4}.Release|Any CPU.Build.0 = Release|Any CPU
	EndGlobalSection
	GlobalSection(SolutionProperties) = preSolution
		HideSolutionNode = FALSE
	EndGlobalSection
	GlobalSection(ExtensibilityGlobals) = postSolution
		SolutionGuid = {3D7927ED-228A-488E-97EB-5154FEB31314}
	EndGlobalSection
EndGlobal
